
Microsoft Visual Studio Solution File, Format Version 12.00
# Visual Studio Version 17
VisualStudioVersion = 17.8.34511.84
MinimumVisualStudioVersion = 10.0.40219.1
Project("{FAE04EC0-301F-11D3-BF4B-00C04F79EFBC}") = "Course.Server", "Course\Course.Server.csproj", "{2385B9A8-75E2-4ED3-8795-153FADAB631B}"
EndProject
Project("{FAE04EC0-301F-11D3-BF4B-00C04F79EFBC}") = "Course.Core", "Course.Core\Course.Core.csproj", "{7FA942CC-343E-4B39-B1FF-661C7E924FB8}"
EndProject
Project("{FAE04EC0-301F-11D3-BF4B-00C04F79EFBC}") = "Course.EF", "Course.EF\Course.EF.csproj", "{30CB9DCD-5195-4107-951E-0E48A1569D32}"
EndProject
Project("{FAE04EC0-301F-11D3-BF4B-00C04F79EFBC}") = "Course.Shared", "Course.Shared\Course.Shared.csproj", "{9F5906CF-C47D-4910-8184-EC733EE78AB1}"
EndProject
Global
	GlobalSection(SolutionConfigurationPlatforms) = preSolution
		Debug|Any CPU = Debug|Any CPU
		Release|Any CPU = Release|Any CPU
	EndGlobalSection
	GlobalSection(ProjectConfigurationPlatforms) = postSolution
		{2385B9A8-75E2-4ED3-8795-153FADAB631B}.Debug|Any CPU.ActiveCfg = Debug|Any CPU
		{2385B9A8-75E2-4ED3-8795-153FADAB631B}.Debug|Any CPU.Build.0 = Debug|Any CPU
		{2385B9A8-75E2-4ED3-8795-153FADAB631B}.Release|Any CPU.ActiveCfg = Release|Any CPU
		{2385B9A8-75E2-4ED3-8795-153FADAB631B}.Release|Any CPU.Build.0 = Release|Any CPU
		{7FA942CC-343E-4B39-B1FF-661C7E924FB8}.Debug|Any CPU.ActiveCfg = Debug|Any CPU
		{7FA942CC-343E-4B39-B1FF-661C7E924FB8}.Debug|Any CPU.Build.0 = Debug|Any CPU
		{7FA942CC-343E-4B39-B1FF-661C7E924FB8}.Release|Any CPU.ActiveCfg = Release|Any CPU
		{7FA942CC-343E-4B39-B1FF-661C7E924FB8}.Release|Any CPU.Build.0 = Release|Any CPU
		{30CB9DCD-5195-4107-951E-0E48A1569D32}.Debug|Any CPU.ActiveCfg = Debug|Any CPU
		{30CB9DCD-5195-4107-951E-0E48A1569D32}.Debug|Any CPU.Build.0 = Debug|Any CPU
		{30CB9DCD-5195-4107-951E-0E48A1569D32}.Release|Any CPU.ActiveCfg = Release|Any CPU
		{30CB9DCD-5195-4107-951E-0E48A1569D32}.Release|Any CPU.Build.0 = Release|Any CPU
		{9F5906CF-C47D-4910-8184-EC733EE78AB1}.Debug|Any CPU.ActiveCfg = Debug|Any CPU
		{9F5906CF-C47D-4910-8184-EC733EE78AB1}.Debug|Any CPU.Build.0 = Debug|Any CPU
		{9F5906CF-C47D-4910-8184-EC733EE78AB1}.Release|Any CPU.ActiveCfg = Release|Any CPU
		{9F5906CF-C47D-4910-8184-EC733EE78AB1}.Release|Any CPU.Build.0 = Release|Any CPU
	EndGlobalSection
	GlobalSection(SolutionProperties) = preSolution
		HideSolutionNode = FALSE
	EndGlobalSection
	GlobalSection(ExtensibilityGlobals) = postSolution
		SolutionGuid = {1323F3B1-6FF1-4E7B-B7F3-21A73DDB16A0}
	EndGlobalSection
EndGlobal
